
Microsoft Visual Studio Solution File, Format Version 12.00
# Visual Studio Version 17
VisualStudioVersion = 17.9.34728.123
MinimumVisualStudioVersion = 10.0.40219.1
Project("{FAE04EC0-301F-11D3-BF4B-00C04F79EFBC}") = "ResolveJa.Web.API", "ResolveJa.Web.API\ResolveJa.Web.API.csproj", "{20EF91AA-98B9-43B6-A6BC-3BE44B5CFB54}"
EndProject
Project("{FAE04EC0-301F-11D3-BF4B-00C04F79EFBC}") = "ResolveJa.Core", "ResolveJa.Core\ResolveJa.Core.csproj", "{F63E1ECB-79C3-4F9D-8022-D3124559DBA8}"
EndProject
Project("{FAE04EC0-301F-11D3-BF4B-00C04F79EFBC}") = "ResolveJa.Infrastructure.Data", "ResolveJa.Infrastructure.Data\ResolveJa.Infrastructure.Data.csproj", "{DDAF896B-E326-4292-859F-7A44DED594DC}"
EndProject
Project("{FAE04EC0-301F-11D3-BF4B-00C04F79EFBC}") = "ResolveJa.Infrastructure.IoC", "ResolveJa.Infrastructure.IoC\ResolveJa.Infrastructure.IoC.csproj", "{1D7AE23B-A18A-4A9D-AD39-ED1A6DA0ACFF}"
EndProject
Global
	GlobalSection(SolutionConfigurationPlatforms) = preSolution
		Debug|Any CPU = Debug|Any CPU
		Release|Any CPU = Release|Any CPU
	EndGlobalSection
	GlobalSection(ProjectConfigurationPlatforms) = postSolution
		{20EF91AA-98B9-43B6-A6BC-3BE44B5CFB54}.Debug|Any CPU.ActiveCfg = Debug|Any CPU
		{20EF91AA-98B9-43B6-A6BC-3BE44B5CFB54}.Debug|Any CPU.Build.0 = Debug|Any CPU
		{20EF91AA-98B9-43B6-A6BC-3BE44B5CFB54}.Release|Any CPU.ActiveCfg = Release|Any CPU
		{20EF91AA-98B9-43B6-A6BC-3BE44B5CFB54}.Release|Any CPU.Build.0 = Release|Any CPU
		{F63E1ECB-79C3-4F9D-8022-D3124559DBA8}.Debug|Any CPU.ActiveCfg = Debug|Any CPU
		{F63E1ECB-79C3-4F9D-8022-D3124559DBA8}.Debug|Any CPU.Build.0 = Debug|Any CPU
		{F63E1ECB-79C3-4F9D-8022-D3124559DBA8}.Release|Any CPU.ActiveCfg = Release|Any CPU
		{F63E1ECB-79C3-4F9D-8022-D3124559DBA8}.Release|Any CPU.Build.0 = Release|Any CPU
		{DDAF896B-E326-4292-859F-7A44DED594DC}.Debug|Any CPU.ActiveCfg = Debug|Any CPU
		{DDAF896B-E326-4292-859F-7A44DED594DC}.Debug|Any CPU.Build.0 = Debug|Any CPU
		{DDAF896B-E326-4292-859F-7A44DED594DC}.Release|Any CPU.ActiveCfg = Release|Any CPU
		{DDAF896B-E326-4292-859F-7A44DED594DC}.Release|Any CPU.Build.0 = Release|Any CPU
		{1D7AE23B-A18A-4A9D-AD39-ED1A6DA0ACFF}.Debug|Any CPU.ActiveCfg = Debug|Any CPU
		{1D7AE23B-A18A-4A9D-AD39-ED1A6DA0ACFF}.Debug|Any CPU.Build.0 = Debug|Any CPU
		{1D7AE23B-A18A-4A9D-AD39-ED1A6DA0ACFF}.Release|Any CPU.ActiveCfg = Release|Any CPU
		{1D7AE23B-A18A-4A9D-AD39-ED1A6DA0ACFF}.Release|Any CPU.Build.0 = Release|Any CPU
	EndGlobalSection
	GlobalSection(SolutionProperties) = preSolution
		HideSolutionNode = FALSE
	EndGlobalSection
	GlobalSection(ExtensibilityGlobals) = postSolution
		SolutionGuid = {DA7E3CBF-E92A-4A1C-AF39-FA7B451B8F53}
	EndGlobalSection
EndGlobal
